
Microsoft Visual Studio Solution File, Format Version 12.00
# Visual Studio Version 17
VisualStudioVersion = 17.13.35825.156 d17.13
MinimumVisualStudioVersion = 10.0.40219.1
Project("{8BC9CEB8-8B4A-11D0-8D11-00A0C91BC942}") = "Queue", "Queue.vcxproj", "{BA25652A-5D5F-4A4C-8135-C3554A3AE553}"
EndProject
Global
	GlobalSection(SolutionConfigurationPlatforms) = preSolution
		Debug|x64 = Debug|x64
		Debug|x86 = Debug|x86
		Release|x64 = Release|x64
		Release|x86 = Release|x86
	EndGlobalSection
	GlobalSection(ProjectConfigurationPlatforms) = postSolution
		{BA25652A-5D5F-4A4C-8135-C3554A3AE553}.Debug|x64.ActiveCfg = Debug|x64
		{BA25652A-5D5F-4A4C-8135-C3554A3AE553}.Debug|x64.Build.0 = Debug|x64
		{BA25652A-5D5F-4A4C-8135-C3554A3AE553}.Debug|x86.ActiveCfg = Debug|Win32
		{BA25652A-5D5F-4A4C-8135-C3554A3AE553}.Debug|x86.Build.0 = Debug|Win32
		{BA25652A-5D5F-4A4C-8135-C3554A3AE553}.Release|x64.ActiveCfg = Release|x64
		{BA25652A-5D5F-4A4C-8135-C3554A3AE553}.Release|x64.Build.0 = Release|x64
		{BA25652A-5D5F-4A4C-8135-C3554A3AE553}.Release|x86.ActiveCfg = Release|Win32
		{BA25652A-5D5F-4A4C-8135-C3554A3AE553}.Release|x86.Build.0 = Release|Win32
	EndGlobalSection
	GlobalSection(SolutionProperties) = preSolution
		HideSolutionNode = FALSE
	EndGlobalSection
	GlobalSection(ExtensibilityGlobals) = postSolution
		SolutionGuid = {6E4B6A3E-FEA3-4CDB-A471-D4E148BA8374}
	EndGlobalSection
EndGlobal
