
Microsoft Visual Studio Solution File, Format Version 12.00
# Visual Studio Version 17
VisualStudioVersion = 17.13.35825.156 d17.13
MinimumVisualStudioVersion = 10.0.40219.1
Project("{8BC9CEB8-8B4A-11D0-8D11-00A0C91BC942}") = "Task_2", "Task_2.vcxproj", "{2BCDA9EA-84BC-46C1-98D7-A14BA8CFED04}"
EndProject
Global
	GlobalSection(SolutionConfigurationPlatforms) = preSolution
		Debug|x64 = Debug|x64
		Debug|x86 = Debug|x86
		Release|x64 = Release|x64
		Release|x86 = Release|x86
	EndGlobalSection
	GlobalSection(ProjectConfigurationPlatforms) = postSolution
		{2BCDA9EA-84BC-46C1-98D7-A14BA8CFED04}.Debug|x64.ActiveCfg = Debug|x64
		{2BCDA9EA-84BC-46C1-98D7-A14BA8CFED04}.Debug|x64.Build.0 = Debug|x64
		{2BCDA9EA-84BC-46C1-98D7-A14BA8CFED04}.Debug|x86.ActiveCfg = Debug|Win32
		{2BCDA9EA-84BC-46C1-98D7-A14BA8CFED04}.Debug|x86.Build.0 = Debug|Win32
		{2BCDA9EA-84BC-46C1-98D7-A14BA8CFED04}.Release|x64.ActiveCfg = Release|x64
		{2BCDA9EA-84BC-46C1-98D7-A14BA8CFED04}.Release|x64.Build.0 = Release|x64
		{2BCDA9EA-84BC-46C1-98D7-A14BA8CFED04}.Release|x86.ActiveCfg = Release|Win32
		{2BCDA9EA-84BC-46C1-98D7-A14BA8CFED04}.Release|x86.Build.0 = Release|Win32
	EndGlobalSection
	GlobalSection(SolutionProperties) = preSolution
		HideSolutionNode = FALSE
	EndGlobalSection
	GlobalSection(ExtensibilityGlobals) = postSolution
		SolutionGuid = {1288710F-79C8-41E4-80AE-0575A1EECC40}
	EndGlobalSection
EndGlobal
